// !$*UTF8*$!
{
	archiveVersion = 1;
	classes = {
	};
	objectVersion = 48;
	objects = {

/* Begin PBXBuildFile section */
		2B6C42191FA2659A00858A62 /* AppDelegate.swift in Sources */ = {isa = PBXBuildFile; fileRef = 2B6C42181FA2659A00858A62 /* AppDelegate.swift */; };
		2B6C421B1FA2659A00858A62 /* ViewController.swift in Sources */ = {isa = PBXBuildFile; fileRef = 2B6C421A1FA2659A00858A62 /* ViewController.swift */; };
		2B6C421E1FA2659A00858A62 /* Main.storyboard in Resources */ = {isa = PBXBuildFile; fileRef = 2B6C421C1FA2659A00858A62 /* Main.storyboard */; };
		2B6C42201FA2659A00858A62 /* Assets.xcassets in Resources */ = {isa = PBXBuildFile; fileRef = 2B6C421F1FA2659A00858A62 /* Assets.xcassets */; };
		2B6C42231FA2659A00858A62 /* LaunchScreen.storyboard in Resources */ = {isa = PBXBuildFile; fileRef = 2B6C42211FA2659A00858A62 /* LaunchScreen.storyboard */; };
/* End PBXBuildFile section */

/* Begin PBXContainerItemProxy section */
		2B6C422A1FA2659A00858A62 /* PBXContainerItemProxy */ = {
			isa = PBXContainerItemProxy;
			containerPortal = 2B6C420D1FA2659A00858A62 /* Project object */;
			proxyType = 1;
			remoteGlobalIDString = 2B6C42141FA2659A00858A62;
			remoteInfo = "the allergy allie";
		};
/* End PBXContainerItemProxy section */

/* Begin PBXFileReference section */
		2B248D851FA6955200AD8A30 /* salad-2068220__340.jpg */ = {isa = PBXFileReference; lastKnownFileType = image.jpeg; path = "salad-2068220__340.jpg"; sourceTree = "<group>"; };
		2B248D861FA6955200AD8A30 /* f8303ac2a4bb68a8436a3570585005d2--wallpaper-cellphone-wallpaper-iphone-fruit.jpg */ = {isa = PBXFileReference; lastKnownFileType = image.jpeg; path = "f8303ac2a4bb68a8436a3570585005d2--wallpaper-cellphone-wallpaper-iphone-fruit.jpg"; sourceTree = "<group>"; };
		2B248D871FA6955300AD8A30 /* Screen Shot 2017-10-27 at 12.13.41 PM.png */ = {isa = PBXFileReference; lastKnownFileType = image.png; path = "Screen Shot 2017-10-27 at 12.13.41 PM.png"; sourceTree = "<group>"; };
		2B248D881FA6955300AD8A30 /* asdf.jpeg */ = {isa = PBXFileReference; lastKnownFileType = image.jpeg; path = asdf.jpeg; sourceTree = "<group>"; };
		2B6C42151FA2659A00858A62 /* the allergy allie.app */ = {isa = PBXFileReference; explicitFileType = wrapper.application; includeInIndex = 0; path = "the allergy allie.app"; sourceTree = BUILT_PRODUCTS_DIR; };
		2B6C42181FA2659A00858A62 /* AppDelegate.swift */ = {isa = PBXFileReference; lastKnownFileType = sourcecode.swift; path = AppDelegate.swift; sourceTree = "<group>"; };
		2B6C421A1FA2659A00858A62 /* ViewController.swift */ = {isa = PBXFileReference; lastKnownFileType = sourcecode.swift; path = ViewController.swift; sourceTree = "<group>"; };
		2B6C421D1FA2659A00858A62 /* Base */ = {isa = PBXFileReference; lastKnownFileType = file.storyboard; name = Base; path = Base.lproj/Main.storyboard; sourceTree = "<group>"; };
		2B6C421F1FA2659A00858A62 /* Assets.xcassets */ = {isa = PBXFileReference; lastKnownFileType = folder.assetcatalog; path = Assets.xcassets; sourceTree = "<group>"; };
		2B6C42221FA2659A00858A62 /* Base */ = {isa = PBXFileReference; lastKnownFileType = file.storyboard; name = Base; path = Base.lproj/LaunchScreen.storyboard; sourceTree = "<group>"; };
		2B6C42241FA2659A00858A62 /* Info.plist */ = {isa = PBXFileReference; lastKnownFileType = text.plist.xml; path = Info.plist; sourceTree = "<group>"; };
		2B6C42291FA2659A00858A62 /* the allergy allieUITests.xctest */ = {isa = PBXFileReference; explicitFileType = wrapper.cfbundle; includeInIndex = 0; path = "the allergy allieUITests.xctest"; sourceTree = BUILT_PRODUCTS_DIR; };
/* End PBXFileReference section */

/* Begin PBXFrameworksBuildPhase section */
		2B6C42121FA2659A00858A62 /* Frameworks */ = {
			isa = PBXFrameworksBuildPhase;
			buildActionMask = 2147483647;
			files = (
			);
			runOnlyForDeploymentPostprocessing = 0;
		};
		2B6C42261FA2659A00858A62 /* Frameworks */ = {
			isa = PBXFrameworksBuildPhase;
			buildActionMask = 2147483647;
			files = (
			);
			runOnlyForDeploymentPostprocessing = 0;
		};
/* End PBXFrameworksBuildPhase section */

/* Begin PBXGroup section */
		2B6C420C1FA2659A00858A62 = {
			isa = PBXGroup;
			children = (
				2B6C42171FA2659A00858A62 /* the allergy allie */,
				2B6C42161FA2659A00858A62 /* Products */,
			);
			sourceTree = "<group>";
		};
		2B6C42161FA2659A00858A62 /* Products */ = {
			isa = PBXGroup;
			children = (
				2B6C42151FA2659A00858A62 /* the allergy allie.app */,
				2B6C42291FA2659A00858A62 /* the allergy allieUITests.xctest */,
			);
			name = Products;
			sourceTree = "<group>";
		};
		2B6C42171FA2659A00858A62 /* the allergy allie */ = {
			isa = PBXGroup;
			children = (
				2B6C42181FA2659A00858A62 /* AppDelegate.swift */,
				2B6C421A1FA2659A00858A62 /* ViewController.swift */,
				2B6C421C1FA2659A00858A62 /* Main.storyboard */,
				2B6C421F1FA2659A00858A62 /* Assets.xcassets */,
				2B6C42211FA2659A00858A62 /* LaunchScreen.storyboard */,
				2B6C42241FA2659A00858A62 /* Info.plist */,
				2B248D851FA6955200AD8A30 /* salad-2068220__340.jpg */,
				2B248D881FA6955300AD8A30 /* asdf.jpeg */,
				2B248D861FA6955200AD8A30 /* f8303ac2a4bb68a8436a3570585005d2--wallpaper-cellphone-wallpaper-iphone-fruit.jpg */,
				2B248D871FA6955300AD8A30 /* Screen Shot 2017-10-27 at 12.13.41 PM.png */,
			);
			path = "the allergy allie";
			sourceTree = "<group>";
		};
/* End PBXGroup section */

/* Begin PBXNativeTarget section */
		2B6C42141FA2659A00858A62 /* the allergy allie */ = {
			isa = PBXNativeTarget;
			buildConfigurationList = 2B6C42321FA2659A00858A62 /* Build configuration list for PBXNativeTarget "the allergy allie" */;
			buildPhases = (
				2B6C42111FA2659A00858A62 /* Sources */,
				2B6C42121FA2659A00858A62 /* Frameworks */,
				2B6C42131FA2659A00858A62 /* Resources */,
			);
			buildRules = (
			);
			dependencies = (
			);
			name = "the allergy allie";
			productName = "the allergy allie";
			productReference = 2B6C42151FA2659A00858A62 /* the allergy allie.app */;
			productType = "com.apple.product-type.application";
		};
		2B6C42281FA2659A00858A62 /* the allergy allieUITests */ = {
			isa = PBXNativeTarget;
			buildConfigurationList = 2B6C42351FA2659A00858A62 /* Build configuration list for PBXNativeTarget "the allergy allieUITests" */;
			buildPhases = (
				2B6C42251FA2659A00858A62 /* Sources */,
				2B6C42261FA2659A00858A62 /* Frameworks */,
				2B6C42271FA2659A00858A62 /* Resources */,
			);
			buildRules = (
			);
			dependencies = (
				2B6C422B1FA2659A00858A62 /* PBXTargetDependency */,
			);
			name = "the allergy allieUITests";
			productName = "the allergy allieUITests";
			productReference = 2B6C42291FA2659A00858A62 /* the allergy allieUITests.xctest */;
			productType = "com.apple.product-type.bundle.ui-testing";
		};
/* End PBXNativeTarget section */

/* Begin PBXProject section */
		2B6C420D1FA2659A00858A62 /* Project object */ = {
			isa = PBXProject;
			attributes = {
				LastSwiftUpdateCheck = 0900;
				LastUpgradeCheck = 0900;
				ORGANIZATIONNAME = "Jacob Kantor";
				TargetAttributes = {
					2B6C42141FA2659A00858A62 = {
						CreatedOnToolsVersion = 9.0.1;
						ProvisioningStyle = Automatic;
					};
					2B6C42281FA2659A00858A62 = {
						CreatedOnToolsVersion = 9.0.1;
						ProvisioningStyle = Automatic;
						TestTargetID = 2B6C42141FA2659A00858A62;
					};
				};
			};
			buildConfigurationList = 2B6C42101FA2659A00858A62 /* Build configuration list for PBXProject "the allergy allie" */;
			compatibilityVersion = "Xcode 8.0";
			developmentRegion = en;
			hasScannedForEncodings = 0;
			knownRegions = (
				en,
				Base,
			);
			mainGroup = 2B6C420C1FA2659A00858A62;
			productRefGroup = 2B6C42161FA2659A00858A62 /* Products */;
			projectDirPath = "";
			projectRoot = "";
			targets = (
				2B6C42141FA2659A00858A62 /* the allergy allie */,
				2B6C42281FA2659A00858A62 /* the allergy allieUITests */,
			);
		};
/* End PBXProject section */

/* Begin PBXResourcesBuildPhase section */
		2B6C42131FA2659A00858A62 /* Resources */ = {
			isa = PBXResourcesBuildPhase;
			buildActionMask = 2147483647;
			files = (
				2B6C42231FA2659A00858A62 /* LaunchScreen.storyboard in Resources */,
				2B6C42201FA2659A00858A62 /* Assets.xcassets in Resources */,
				2B6C421E1FA2659A00858A62 /* Main.storyboard in Resources */,
			);
			runOnlyForDeploymentPostprocessing = 0;
		};
		2B6C42271FA2659A00858A62 /* Resources */ = {
			isa = PBXResourcesBuildPhase;
			buildActionMask = 2147483647;
			files = (
			);
			runOnlyForDeploymentPostprocessing = 0;
		};
/* End PBXResourcesBuildPhase section */

/* Begin PBXSourcesBuildPhase section */
		2B6C42111FA2659A00858A62 /* Sources */ = {
			isa = PBXSourcesBuildPhase;
			buildActionMask = 2147483647;
			files = (
				2B6C421B1FA2659A00858A62 /* ViewController.swift in Sources */,
				2B6C42191FA2659A00858A62 /* AppDelegate.swift in Sources */,
			);
			runOnlyForDeploymentPostprocessing = 0;
		};
		2B6C42251FA2659A00858A62 /* Sources */ = {
			isa = PBXSourcesBuildPhase;
			buildActionMask = 2147483647;
			files = (
			);
			runOnlyForDeploymentPostprocessing = 0;
		};
/* End PBXSourcesBuildPhase section */

/* Begin PBXTargetDependency section */
		2B6C422B1FA2659A00858A62 /* PBXTargetDependency */ = {
			isa = PBXTargetDependency;
			target = 2B6C42141FA2659A00858A62 /* the allergy allie */;
			targetProxy = 2B6C422A1FA2659A00858A62 /* PBXContainerItemProxy */;
		};
/* End PBXTargetDependency section */

/* Begin PBXVariantGroup section */
		2B6C421C1FA2659A00858A62 /* Main.storyboard */ = {
			isa = PBXVariantGroup;
			children = (
				2B6C421D1FA2659A00858A62 /* Base */,
			);
			name = Main.storyboard;
			sourceTree = "<group>";
		};
		2B6C42211FA2659A00858A62 /* LaunchScreen.storyboard */ = {
			isa = PBXVariantGroup;
			children = (
				2B6C42221FA2659A00858A62 /* Base */,
			);
			name = LaunchScreen.storyboard;
			sourceTree = "<group>";
		};
/* End PBXVariantGroup section */

/* Begin XCBuildConfiguration section */
		2B6C42301FA2659A00858A62 /* Debug */ = {
			isa = XCBuildConfiguration;
			buildSettings = {
				ALWAYS_SEARCH_USER_PATHS = NO;
				CLANG_ANALYZER_NONNULL = YES;
				CLANG_ANALYZER_NUMBER_OBJECT_CONVERSION = YES_AGGRESSIVE;
				CLANG_CXX_LANGUAGE_STANDARD = "gnu++14";
				CLANG_CXX_LIBRARY = "libc++";
				CLANG_ENABLE_MODULES = YES;
				CLANG_ENABLE_OBJC_ARC = YES;
				CLANG_WARN_BLOCK_CAPTURE_AUTORELEASING = YES;
				CLANG_WARN_BOOL_CONVERSION = YES;
				CLANG_WARN_COMMA = YES;
				CLANG_WARN_CONSTANT_CONVERSION = YES;
				CLANG_WARN_DIRECT_OBJC_ISA_USAGE = YES_ERROR;
				CLANG_WARN_DOCUMENTATION_COMMENTS = YES;
				CLANG_WARN_EMPTY_BODY = YES;
				CLANG_WARN_ENUM_CONVERSION = YES;
				CLANG_WARN_INFINITE_RECURSION = YES;
				CLANG_WARN_INT_CONVERSION = YES;
				CLANG_WARN_NON_LITERAL_NULL_CONVERSION = YES;
				CLANG_WARN_OBJC_LITERAL_CONVERSION = YES;
				CLANG_WARN_OBJC_ROOT_CLASS = YES_ERROR;
				CLANG_WARN_RANGE_LOOP_ANALYSIS = YES;
				CLANG_WARN_STRICT_PROTOTYPES = YES;
				CLANG_WARN_SUSPICIOUS_MOVE = YES;
				CLANG_WARN_UNGUARDED_AVAILABILITY = YES_AGGRESSIVE;
				CLANG_WARN_UNREACHABLE_CODE = YES;
				CLANG_WARN__DUPLICATE_METHOD_MATCH = YES;
				CODE_SIGN_IDENTITY = "iPhone Developer";
				COPY_PHASE_STRIP = NO;
				DEBUG_INFORMATION_FORMAT = dwarf;
				ENABLE_STRICT_OBJC_MSGSEND = YES;
				ENABLE_TESTABILITY = YES;
				GCC_C_LANGUAGE_STANDARD = gnu11;
				GCC_DYNAMIC_NO_PIC = NO;
				GCC_NO_COMMON_BLOCKS = YES;
				GCC_OPTIMIZATION_LEVEL = 0;
				GCC_PREPROCESSOR_DEFINITIONS = (
					"DEBUG=1",
					"$(inherited)",
				);
				GCC_WARN_64_TO_32_BIT_CONVERSION = YES;
				GCC_WARN_ABOUT_RETURN_TYPE = YES_ERROR;
				GCC_WARN_UNDECLARED_SELECTOR = YES;
				GCC_WARN_UNINITIALIZED_AUTOS = YES_AGGRESSIVE;
				GCC_WARN_UNUSED_FUNCTION = YES;
				GCC_WARN_UNUSED_VARIABLE = YES;
				IPHONEOS_DEPLOYMENT_TARGET = 11.0;
				MTL_ENABLE_DEBUG_INFO = YES;
				ONLY_ACTIVE_ARCH = YES;
				SDKROOT = iphoneos;
				SWIFT_ACTIVE_COMPILATION_CONDITIONS = DEBUG;
				SWIFT_OPTIMIZATION_LEVEL = "-Onone";
			};
			name = Debug;
		};
		2B6C42311FA2659A00858A62 /* Release */ = {
			isa = XCBuildConfiguration;
			buildSettings = {
				ALWAYS_SEARCH_USER_PATHS = NO;
				CLANG_ANALYZER_NONNULL = YES;
				CLANG_ANALYZER_NUMBER_OBJECT_CONVERSION = YES_AGGRESSIVE;
				CLANG_CXX_LANGUAGE_STANDARD = "gnu++14";
				CLANG_CXX_LIBRARY = "libc++";
				CLANG_ENABLE_MODULES = YES;
				CLANG_ENABLE_OBJC_ARC = YES;
				CLANG_WARN_BLOCK_CAPTURE_AUTORELEASING = YES;
				CLANG_WARN_BOOL_CONVERSION = YES;
				CLANG_WARN_COMMA = YES;
				CLANG_WARN_CONSTANT_CONVERSION = YES;
				CLANG_WARN_DIRECT_OBJC_ISA_USAGE = YES_ERROR;
				CLANG_WARN_DOCUMENTATION_COMMENTS = YES;
				CLANG_WARN_EMPTY_BODY = YES;
				CLANG_WARN_ENUM_CONVERSION = YES;
				CLANG_WARN_INFINITE_RECURSION = YES;
				CLANG_WARN_INT_CONVERSION = YES;
				CLANG_WARN_NON_LITERAL_NULL_CONVERSION = YES;
				CLANG_WARN_OBJC_LITERAL_CONVERSION = YES;
				CLANG_WARN_OBJC_ROOT_CLASS = YES_ERROR;
				CLANG_WARN_RANGE_LOOP_ANALYSIS = YES;
				CLANG_WARN_STRICT_PROTOTYPES = YES;
				CLANG_WARN_SUSPICIOUS_MOVE = YES;
				CLANG_WARN_UNGUARDED_AVAILABILITY = YES_AGGRESSIVE;
				CLANG_WARN_UNREACHABLE_CODE = YES;
				CLANG_WARN__DUPLICATE_METHOD_MATCH = YES;
				CODE_SIGN_IDENTITY = "iPhone Developer";
				COPY_PHASE_STRIP = NO;
				DEBUG_INFORMATION_FORMAT = "dwarf-with-dsym";
				ENABLE_NS_ASSERTIONS = NO;
				ENABLE_STRICT_OBJC_MSGSEND = YES;
				GCC_C_LANGUAGE_STANDARD = gnu11;
				GCC_NO_COMMON_BLOCKS = YES;
				GCC_WARN_64_TO_32_BIT_CONVERSION = YES;
				GCC_WARN_ABOUT_RETURN_TYPE = YES_ERROR;
				GCC_WARN_UNDECLARED_SELECTOR = YES;
				GCC_WARN_UNINITIALIZED_AUTOS = YES_AGGRESSIVE;
				GCC_WARN_UNUSED_FUNCTION = YES;
				GCC_WARN_UNUSED_VARIABLE = YES;
				IPHONEOS_DEPLOYMENT_TARGET = 11.0;
				MTL_ENABLE_DEBUG_INFO = NO;
				SDKROOT = iphoneos;
				SWIFT_OPTIMIZATION_LEVEL = "-Owholemodule";
				VALIDATE_PRODUCT = YES;
			};
			name = Release;
		};
		2B6C42331FA2659A00858A62 /* Debug */ = {
			isa = XCBuildConfiguration;
			buildSettings = {
				ASSETCATALOG_COMPILER_APPICON_NAME = AppIcon;
				CODE_SIGN_STYLE = Automatic;
				DEVELOPMENT_TEAM = BWA57ZLR82;
				INFOPLIST_FILE = "the allergy allie/Info.plist";
				LD_RUNPATH_SEARCH_PATHS = "$(inherited) @executable_path/Frameworks";
				PRODUCT_BUNDLE_IDENTIFIER = "Jake.the-allergy-allie";
				PRODUCT_NAME = "$(TARGET_NAME)";
				SWIFT_VERSION = 4.0;
				TARGETED_DEVICE_FAMILY = "1,2";
			};
			name = Debug;
		};
		2B6C42341FA2659A00858A62 /* Release */ = {
			isa = XCBuildConfiguration;
			buildSettings = {
				ASSETCATALOG_COMPILER_APPICON_NAME = AppIcon;
				CODE_SIGN_STYLE = Automatic;
				DEVELOPMENT_TEAM = BWA57ZLR82;
				INFOPLIST_FILE = "the allergy allie/Info.plist";
				LD_RUNPATH_SEARCH_PATHS = "$(inherited) @executable_path/Frameworks";
				PRODUCT_BUNDLE_IDENTIFIER = "Jake.the-allergy-allie";
				PRODUCT_NAME = "$(TARGET_NAME)";
				SWIFT_VERSION = 4.0;
				TARGETED_DEVICE_FAMILY = "1,2";
			};
			name = Release;
		};
		2B6C42361FA2659A00858A62 /* Debug */ = {
			isa = XCBuildConfiguration;
			buildSettings = {
				ALWAYS_EMBED_SWIFT_STANDARD_LIBRARIES = YES;
				CODE_SIGN_STYLE = Automatic;
				DEVELOPMENT_TEAM = BWA57ZLR82;
				INFOPLIST_FILE = "the allergy allieUITests/Info.plist";
				LD_RUNPATH_SEARCH_PATHS = "$(inherited) @executable_path/Frameworks @loader_path/Frameworks";
				PRODUCT_BUNDLE_IDENTIFIER = "Jake.the-allergy-allieUITests";
				PRODUCT_NAME = "$(TARGET_NAME)";
				SWIFT_VERSION = 4.0;
				TARGETED_DEVICE_FAMILY = "1,2";
				TEST_TARGET_NAME = "the allergy allie";
			};
			name = Debug;
		};
		2B6C42371FA2659A00858A62 /* Release */ = {
			isa = XCBuildConfiguration;
			buildSettings = {
				ALWAYS_EMBED_SWIFT_STANDARD_LIBRARIES = YES;
				CODE_SIGN_STYLE = Automatic;
				DEVELOPMENT_TEAM = BWA57ZLR82;
				INFOPLIST_FILE = "the allergy allieUITests/Info.plist";
				LD_RUNPATH_SEARCH_PATHS = "$(inherited) @executable_path/Frameworks @loader_path/Frameworks";
				PRODUCT_BUNDLE_IDENTIFIER = "Jake.the-allergy-allieUITests";
				PRODUCT_NAME = "$(TARGET_NAME)";
				SWIFT_VERSION = 4.0;
				TARGETED_DEVICE_FAMILY = "1,2";
				TEST_TARGET_NAME = "the allergy allie";
			};
			name = Release;
		};
/* End XCBuildConfiguration section */

/* Begin XCConfigurationList section */
		2B6C42101FA2659A00858A62 /* Build configuration list for PBXProject "the allergy allie" */ = {
			isa = XCConfigurationList;
			buildConfigurations = (
				2B6C42301FA2659A00858A62 /* Debug */,
				2B6C42311FA2659A00858A62 /* Release */,
			);
			defaultConfigurationIsVisible = 0;
			defaultConfigurationName = Release;
		};
		2B6C42321FA2659A00858A62 /* Build configuration list for PBXNativeTarget "the allergy allie" */ = {
			isa = XCConfigurationList;
			buildConfigurations = (
				2B6C42331FA2659A00858A62 /* Debug */,
				2B6C42341FA2659A00858A62 /* Release */,
			);
			defaultConfigurationIsVisible = 0;
			defaultConfigurationName = Release;
		};
		2B6C42351FA2659A00858A62 /* Build configuration list for PBXNativeTarget "the allergy allieUITests" */ = {
			isa = XCConfigurationList;
			buildConfigurations = (
				2B6C42361FA2659A00858A62 /* Debug */,
				2B6C42371FA2659A00858A62 /* Release */,
			);
			defaultConfigurationIsVisible = 0;
			defaultConfigurationName = Release;
		};
/* End XCConfigurationList section */
	};
	rootObject = 2B6C420D1FA2659A00858A62 /* Project object */;
}
